
Microsoft Visual Studio Solution File, Format Version 12.00
# Visual Studio Version 17
VisualStudioVersion = 17.8.34408.163
MinimumVisualStudioVersion = 10.0.40219.1
Project("{FAE04EC0-301F-11D3-BF4B-00C04F79EFBC}") = "ParkolasBeadandoPappMate.Android", "ParkolasBeadandoPappMate.Android\ParkolasBeadandoPappMate.Android.csproj", "{0567BB09-30B8-4830-98C9-DFBB9B7FF064}"
EndProject
Project("{FAE04EC0-301F-11D3-BF4B-00C04F79EFBC}") = "ParkolasBeadandoPappMate.iOS", "ParkolasBeadandoPappMate.iOS\ParkolasBeadandoPappMate.iOS.csproj", "{70FF0726-90BC-49B7-A4AA-C8DCF5EA6AB1}"
EndProject
Project("{FAE04EC0-301F-11D3-BF4B-00C04F79EFBC}") = "ParkolasBeadandoPappMate", "ParkolasBeadandoPappMate\ParkolasBeadandoPappMate.csproj", "{B1FFE337-A86F-4318-A995-F147B3ED70B2}"
EndProject
Global
	GlobalSection(SolutionConfigurationPlatforms) = preSolution
		Debug|Any CPU = Debug|Any CPU
		Debug|iPhone = Debug|iPhone
		Debug|iPhoneSimulator = Debug|iPhoneSimulator
		Release|Any CPU = Release|Any CPU
		Release|iPhone = Release|iPhone
		Release|iPhoneSimulator = Release|iPhoneSimulator
	EndGlobalSection
	GlobalSection(ProjectConfigurationPlatforms) = postSolution
		{0567BB09-30B8-4830-98C9-DFBB9B7FF064}.Debug|Any CPU.ActiveCfg = Debug|Any CPU
		{0567BB09-30B8-4830-98C9-DFBB9B7FF064}.Debug|Any CPU.Build.0 = Debug|Any CPU
		{0567BB09-30B8-4830-98C9-DFBB9B7FF064}.Debug|Any CPU.Deploy.0 = Debug|Any CPU
		{0567BB09-30B8-4830-98C9-DFBB9B7FF064}.Debug|iPhone.ActiveCfg = Debug|Any CPU
		{0567BB09-30B8-4830-98C9-DFBB9B7FF064}.Debug|iPhone.Build.0 = Debug|Any CPU
		{0567BB09-30B8-4830-98C9-DFBB9B7FF064}.Debug|iPhone.Deploy.0 = Debug|Any CPU
		{0567BB09-30B8-4830-98C9-DFBB9B7FF064}.Debug|iPhoneSimulator.ActiveCfg = Debug|Any CPU
		{0567BB09-30B8-4830-98C9-DFBB9B7FF064}.Debug|iPhoneSimulator.Build.0 = Debug|Any CPU
		{0567BB09-30B8-4830-98C9-DFBB9B7FF064}.Debug|iPhoneSimulator.Deploy.0 = Debug|Any CPU
		{0567BB09-30B8-4830-98C9-DFBB9B7FF064}.Release|Any CPU.ActiveCfg = Release|Any CPU
		{0567BB09-30B8-4830-98C9-DFBB9B7FF064}.Release|Any CPU.Build.0 = Release|Any CPU
		{0567BB09-30B8-4830-98C9-DFBB9B7FF064}.Release|Any CPU.Deploy.0 = Release|Any CPU
		{0567BB09-30B8-4830-98C9-DFBB9B7FF064}.Release|iPhone.ActiveCfg = Release|Any CPU
		{0567BB09-30B8-4830-98C9-DFBB9B7FF064}.Release|iPhone.Build.0 = Release|Any CPU
		{0567BB09-30B8-4830-98C9-DFBB9B7FF064}.Release|iPhone.Deploy.0 = Release|Any CPU
		{0567BB09-30B8-4830-98C9-DFBB9B7FF064}.Release|iPhoneSimulator.ActiveCfg = Release|Any CPU
		{0567BB09-30B8-4830-98C9-DFBB9B7FF064}.Release|iPhoneSimulator.Build.0 = Release|Any CPU
		{0567BB09-30B8-4830-98C9-DFBB9B7FF064}.Release|iPhoneSimulator.Deploy.0 = Release|Any CPU
		{70FF0726-90BC-49B7-A4AA-C8DCF5EA6AB1}.Debug|Any CPU.ActiveCfg = Debug|iPhone
		{70FF0726-90BC-49B7-A4AA-C8DCF5EA6AB1}.Debug|Any CPU.Build.0 = Debug|iPhone
		{70FF0726-90BC-49B7-A4AA-C8DCF5EA6AB1}.Debug|Any CPU.Deploy.0 = Debug|iPhone
		{70FF0726-90BC-49B7-A4AA-C8DCF5EA6AB1}.Debug|iPhone.ActiveCfg = Debug|iPhone
		{70FF0726-90BC-49B7-A4AA-C8DCF5EA6AB1}.Debug|iPhone.Build.0 = Debug|iPhone
		{70FF0726-90BC-49B7-A4AA-C8DCF5EA6AB1}.Debug|iPhone.Deploy.0 = Debug|iPhone
		{70FF0726-90BC-49B7-A4AA-C8DCF5EA6AB1}.Debug|iPhoneSimulator.ActiveCfg = Debug|iPhoneSimulator
		{70FF0726-90BC-49B7-A4AA-C8DCF5EA6AB1}.Debug|iPhoneSimulator.Build.0 = Debug|iPhoneSimulator
		{70FF0726-90BC-49B7-A4AA-C8DCF5EA6AB1}.Debug|iPhoneSimulator.Deploy.0 = Debug|iPhoneSimulator
		{70FF0726-90BC-49B7-A4AA-C8DCF5EA6AB1}.Release|Any CPU.ActiveCfg = Release|iPhoneSimulator
		{70FF0726-90BC-49B7-A4AA-C8DCF5EA6AB1}.Release|Any CPU.Build.0 = Release|iPhoneSimulator
		{70FF0726-90BC-49B7-A4AA-C8DCF5EA6AB1}.Release|Any CPU.Deploy.0 = Release|iPhoneSimulator
		{70FF0726-90BC-49B7-A4AA-C8DCF5EA6AB1}.Release|iPhone.ActiveCfg = Release|iPhone
		{70FF0726-90BC-49B7-A4AA-C8DCF5EA6AB1}.Release|iPhone.Build.0 = Release|iPhone
		{70FF0726-90BC-49B7-A4AA-C8DCF5EA6AB1}.Release|iPhone.Deploy.0 = Release|iPhone
		{70FF0726-90BC-49B7-A4AA-C8DCF5EA6AB1}.Release|iPhoneSimulator.ActiveCfg = Release|iPhoneSimulator
		{70FF0726-90BC-49B7-A4AA-C8DCF5EA6AB1}.Release|iPhoneSimulator.Build.0 = Release|iPhoneSimulator
		{70FF0726-90BC-49B7-A4AA-C8DCF5EA6AB1}.Release|iPhoneSimulator.Deploy.0 = Release|iPhoneSimulator
		{B1FFE337-A86F-4318-A995-F147B3ED70B2}.Debug|Any CPU.ActiveCfg = Debug|Any CPU
		{B1FFE337-A86F-4318-A995-F147B3ED70B2}.Debug|Any CPU.Build.0 = Debug|Any CPU
		{B1FFE337-A86F-4318-A995-F147B3ED70B2}.Debug|Any CPU.Deploy.0 = Debug|Any CPU
		{B1FFE337-A86F-4318-A995-F147B3ED70B2}.Debug|iPhone.ActiveCfg = Debug|Any CPU
		{B1FFE337-A86F-4318-A995-F147B3ED70B2}.Debug|iPhone.Build.0 = Debug|Any CPU
		{B1FFE337-A86F-4318-A995-F147B3ED70B2}.Debug|iPhone.Deploy.0 = Debug|Any CPU
		{B1FFE337-A86F-4318-A995-F147B3ED70B2}.Debug|iPhoneSimulator.ActiveCfg = Debug|Any CPU
		{B1FFE337-A86F-4318-A995-F147B3ED70B2}.Debug|iPhoneSimulator.Build.0 = Debug|Any CPU
		{B1FFE337-A86F-4318-A995-F147B3ED70B2}.Debug|iPhoneSimulator.Deploy.0 = Debug|Any CPU
		{B1FFE337-A86F-4318-A995-F147B3ED70B2}.Release|Any CPU.ActiveCfg = Release|Any CPU
		{B1FFE337-A86F-4318-A995-F147B3ED70B2}.Release|Any CPU.Build.0 = Release|Any CPU
		{B1FFE337-A86F-4318-A995-F147B3ED70B2}.Release|Any CPU.Deploy.0 = Release|Any CPU
		{B1FFE337-A86F-4318-A995-F147B3ED70B2}.Release|iPhone.ActiveCfg = Release|Any CPU
		{B1FFE337-A86F-4318-A995-F147B3ED70B2}.Release|iPhone.Build.0 = Release|Any CPU
		{B1FFE337-A86F-4318-A995-F147B3ED70B2}.Release|iPhone.Deploy.0 = Release|Any CPU
		{B1FFE337-A86F-4318-A995-F147B3ED70B2}.Release|iPhoneSimulator.ActiveCfg = Release|Any CPU
		{B1FFE337-A86F-4318-A995-F147B3ED70B2}.Release|iPhoneSimulator.Build.0 = Release|Any CPU
		{B1FFE337-A86F-4318-A995-F147B3ED70B2}.Release|iPhoneSimulator.Deploy.0 = Release|Any CPU
	EndGlobalSection
	GlobalSection(SolutionProperties) = preSolution
		HideSolutionNode = FALSE
	EndGlobalSection
	GlobalSection(ExtensibilityGlobals) = postSolution
		SolutionGuid = {ABB1CD8F-5FFF-4D6D-8672-A5C46591B415}
	EndGlobalSection
EndGlobal
